
Microsoft Visual Studio Solution File, Format Version 12.00
# Visual Studio Version 16
VisualStudioVersion = 16.0.30907.101
MinimumVisualStudioVersion = 10.0.40219.1
Project("{9A19103F-16F7-4668-BE54-9A1E7A4F7556}") = "Wallet.API", "Wallet.API\Wallet.API.csproj", "{22861630-CA99-4324-8AA7-C77A16A49E98}"
EndProject
Project("{9A19103F-16F7-4668-BE54-9A1E7A4F7556}") = "Wallet.Business", "Wallet.Business\Wallet.Business.csproj", "{55CC5CD0-F1F3-4A75-BB35-BA4F2DE5BCB8}"
EndProject
Project("{9A19103F-16F7-4668-BE54-9A1E7A4F7556}") = "Wallet.Data", "Wallet.Data\Wallet.Data.csproj", "{BAC9F5B2-3CE0-4FDD-AFB6-7D29695E9953}"
EndProject
Project("{FAE04EC0-301F-11D3-BF4B-00C04F79EFBC}") = "Wallet.Entities", "Wallet.Entities\Wallet.Entities.csproj", "{CAF0B2DD-A7BF-40E8-8207-160F39973D9A}"
EndProject
Global
	GlobalSection(SolutionConfigurationPlatforms) = preSolution
		Debug|Any CPU = Debug|Any CPU
		Release|Any CPU = Release|Any CPU
	EndGlobalSection
	GlobalSection(ProjectConfigurationPlatforms) = postSolution
		{22861630-CA99-4324-8AA7-C77A16A49E98}.Debug|Any CPU.ActiveCfg = Debug|Any CPU
		{22861630-CA99-4324-8AA7-C77A16A49E98}.Debug|Any CPU.Build.0 = Debug|Any CPU
		{22861630-CA99-4324-8AA7-C77A16A49E98}.Release|Any CPU.ActiveCfg = Release|Any CPU
		{22861630-CA99-4324-8AA7-C77A16A49E98}.Release|Any CPU.Build.0 = Release|Any CPU
		{55CC5CD0-F1F3-4A75-BB35-BA4F2DE5BCB8}.Debug|Any CPU.ActiveCfg = Debug|Any CPU
		{55CC5CD0-F1F3-4A75-BB35-BA4F2DE5BCB8}.Debug|Any CPU.Build.0 = Debug|Any CPU
		{55CC5CD0-F1F3-4A75-BB35-BA4F2DE5BCB8}.Release|Any CPU.ActiveCfg = Release|Any CPU
		{55CC5CD0-F1F3-4A75-BB35-BA4F2DE5BCB8}.Release|Any CPU.Build.0 = Release|Any CPU
		{BAC9F5B2-3CE0-4FDD-AFB6-7D29695E9953}.Debug|Any CPU.ActiveCfg = Debug|Any CPU
		{BAC9F5B2-3CE0-4FDD-AFB6-7D29695E9953}.Debug|Any CPU.Build.0 = Debug|Any CPU
		{BAC9F5B2-3CE0-4FDD-AFB6-7D29695E9953}.Release|Any CPU.ActiveCfg = Release|Any CPU
		{BAC9F5B2-3CE0-4FDD-AFB6-7D29695E9953}.Release|Any CPU.Build.0 = Release|Any CPU
		{CAF0B2DD-A7BF-40E8-8207-160F39973D9A}.Debug|Any CPU.ActiveCfg = Debug|Any CPU
		{CAF0B2DD-A7BF-40E8-8207-160F39973D9A}.Debug|Any CPU.Build.0 = Debug|Any CPU
		{CAF0B2DD-A7BF-40E8-8207-160F39973D9A}.Release|Any CPU.ActiveCfg = Release|Any CPU
		{CAF0B2DD-A7BF-40E8-8207-160F39973D9A}.Release|Any CPU.Build.0 = Release|Any CPU
	EndGlobalSection
	GlobalSection(SolutionProperties) = preSolution
		HideSolutionNode = FALSE
	EndGlobalSection
	GlobalSection(ExtensibilityGlobals) = postSolution
		SolutionGuid = {F4916548-3570-4750-8208-2BA5D52FEDA6}
	EndGlobalSection
EndGlobal
